{
  "version": 4,
  "terraform_version": "1.1.5",
  "serial": 18,
  "lineage": "6f06f54b-54df-d82d-d53c-62fd759b0230",
  "outputs": {
    "bastion_pip": {
      "value": "20.119.121.166",
      "type": "string"
    },
    "vnet_id": {
      "value": "/subscriptions/ce859648-30e1-4135-9d0f-8358aebfe789/resourceGroups/raki-pg-operator-rg/providers/Microsoft.Network/virtualNetworks/vnet",
      "type": "string"
    },
    "vnet_subnet_ids": {
      "value": [
        "/subscriptions/ce859648-30e1-4135-9d0f-8358aebfe789/resourceGroups/raki-pg-operator-rg/providers/Microsoft.Network/virtualNetworks/vnet/subnets/FG-DC",
        "/subscriptions/ce859648-30e1-4135-9d0f-8358aebfe789/resourceGroups/raki-pg-operator-rg/providers/Microsoft.Network/virtualNetworks/vnet/subnets/AKS",
        "/subscriptions/ce859648-30e1-4135-9d0f-8358aebfe789/resourceGroups/raki-pg-operator-rg/providers/Microsoft.Network/virtualNetworks/vnet/subnets/AzureBastionSubnet"
      ],
      "type": [
        "tuple",
        [
          "string",
          "string",
          "string"
        ]
      ]
    },
    "vnet_subnets_name_id": {
      "value": "/subscriptions/ce859648-30e1-4135-9d0f-8358aebfe789/resourceGroups/raki-pg-operator-rg/providers/Microsoft.Network/virtualNetworks/vnet/subnets/FG-DC",
      "type": "string"
    }
  },
  "resources": [
    {
      "mode": "managed",
      "type": "azurerm_bastion_host",
      "name": "bastion",
      "provider": "provider[\"registry.terraform.io/hashicorp/azurerm\"]",
      "instances": [
        {
          "schema_version": 0,
          "attributes": {
            "dns_name": "bst-def05c21-f6f4-4113-bb2e-19800350fd28.bastion.azure.com",
            "id": "/subscriptions/ce859648-30e1-4135-9d0f-8358aebfe789/resourceGroups/raki-pg-operator-rg/providers/Microsoft.Network/bastionHosts/bastion",
            "ip_configuration": [
              {
                "name": "configuration",
                "public_ip_address_id": "/subscriptions/ce859648-30e1-4135-9d0f-8358aebfe789/resourceGroups/raki-pg-operator-rg/providers/Microsoft.Network/publicIPAddresses/bastion-pip",
                "subnet_id": "/subscriptions/ce859648-30e1-4135-9d0f-8358aebfe789/resourceGroups/raki-pg-operator-rg/providers/Microsoft.Network/virtualNetworks/vnet/subnets/AzureBastionSubnet"
              }
            ],
            "location": "eastus",
            "name": "bastion",
            "resource_group_name": "raki-pg-operator-rg",
            "tags": {
              "Owner": "Raki",
              "Project": "Postgres Operator",
              "Source": "terraform"
            },
            "timeouts": null
          },
          "sensitive_attributes": [],
          "private": "eyJlMmJmYjczMC1lY2FhLTExZTYtOGY4OC0zNDM2M2JjN2M0YzAiOnsiY3JlYXRlIjoxODAwMDAwMDAwMDAwLCJkZWxldGUiOjE4MDAwMDAwMDAwMDAsInJlYWQiOjMwMDAwMDAwMDAwMCwidXBkYXRlIjoxODAwMDAwMDAwMDAwfX0=",
          "dependencies": [
            "azurerm_public_ip.bastion_pip",
            "azurerm_resource_group.sql_migration",
            "module.vnet.azurerm_subnet.subnet",
            "module.vnet.azurerm_subnet_network_security_group_association.vnet",
            "module.vnet.azurerm_subnet_route_table_association.vnet",
            "module.vnet.azurerm_virtual_network.vnet",
            "module.vnet.data.azurerm_resource_group.vnet"
          ]
        }
      ]
    },
    {
      "mode": "managed",
      "type": "azurerm_kubernetes_cluster",
      "name": "aks",
      "provider": "provider[\"registry.terraform.io/hashicorp/azurerm\"]",
      "instances": [
        {
          "schema_version": 0,
          "attributes": {
            "addon_profile": [
              {
                "aci_connector_linux": [
                  {
                    "enabled": false,
                    "subnet_name": ""
                  }
                ],
                "azure_policy": [
                  {
                    "enabled": false
                  }
                ],
                "http_application_routing": [
                  {
                    "enabled": false,
                    "http_application_routing_zone_name": ""
                  }
                ],
                "ingress_application_gateway": [
                  {
                    "effective_gateway_id": "",
                    "enabled": false,
                    "gateway_id": "",
                    "gateway_name": "",
                    "ingress_application_gateway_identity": [],
                    "subnet_cidr": "",
                    "subnet_id": ""
                  }
                ],
                "kube_dashboard": [
                  {
                    "enabled": false
                  }
                ],
                "oms_agent": [
                  {
                    "enabled": false,
                    "log_analytics_workspace_id": "",
                    "oms_agent_identity": []
                  }
                ]
              }
            ],
            "api_server_authorized_ip_ranges": null,
            "auto_scaler_profile": [],
            "automatic_channel_upgrade": "",
            "default_node_pool": [
              {
                "availability_zones": null,
                "enable_auto_scaling": false,
                "enable_host_encryption": false,
                "enable_node_public_ip": false,
                "max_count": 0,
                "max_pods": 30,
                "min_count": 0,
                "name": "agentpool",
                "node_count": 1,
                "node_labels": null,
                "node_public_ip_prefix_id": "",
                "node_taints": null,
                "only_critical_addons_enabled": false,
                "orchestrator_version": "1.21.9",
                "os_disk_size_gb": 128,
                "os_disk_type": "Managed",
                "proximity_placement_group_id": "",
                "tags": null,
                "type": "VirtualMachineScaleSets",
                "upgrade_settings": [],
                "vm_size": "Standard_DS3_v2",
                "vnet_subnet_id": "/subscriptions/ce859648-30e1-4135-9d0f-8358aebfe789/resourceGroups/raki-pg-operator-rg/providers/Microsoft.Network/virtualNetworks/vnet/subnets/AKS"
              }
            ],
            "disk_encryption_set_id": "",
            "dns_prefix": "akscni",
            "dns_prefix_private_cluster": "",
            "enable_pod_security_policy": false,
            "fqdn": "akscni-f8be766d.hcp.eastus.azmk8s.io",
            "id": "/subscriptions/ce859648-30e1-4135-9d0f-8358aebfe789/resourcegroups/raki-pg-operator-rg/providers/Microsoft.ContainerService/managedClusters/aks-cni",
            "identity": [
              {
                "principal_id": "4b3e2a10-a7c5-4752-8520-da74c1914cab",
                "tenant_id": "72f988bf-86f1-41af-91ab-2d7cd011db47",
                "type": "SystemAssigned",
                "user_assigned_identity_id": ""
              }
            ],
            "kube_admin_config": [],
            "kube_admin_config_raw": "",
            "kube_config": [
              {
                "client_certificate": "LS0tLS1CRUdJTiBDRVJUSUZJQ0FURS0tLS0tCk1JSUZIVENDQXdXZ0F3SUJBZ0lRTmRUTThRd1gzQzZhRlh2b1VGSkN6akFOQmdrcWhraUc5dzBCQVFzRkFEQU4KTVFzd0NRWURWUVFERXdKallUQWVGdzB5TWpBek1qUXhNVFF3TWpaYUZ3MHlOREF6TWpReE1UVXdNalphTURBeApGekFWQmdOVkJBb1REbk41YzNSbGJUcHRZWE4wWlhKek1SVXdFd1lEVlFRREV3eHRZWE4wWlhKamJHbGxiblF3CmdnSWlNQTBHQ1NxR1NJYjNEUUVCQVFVQUE0SUNEd0F3Z2dJS0FvSUNBUUN0cG90amFISXFPYTZQenlhL3R4Yy8KK0VJR3B6b3pPdk9GaEhNQnlHelpCR09hejFOOG5kUi9jUnJEZVlXS0FpRTJKK0JFdXlJZEFCbzNPSkRYVVdoUwpWWlJ1TTdETzN6QXY5SFVFM1dDWnlkN1ZyR3lQZFR5OWpYRzRUU3ZOR2tOOFgyRm9weUJDcnlxaW80WVZXOW5WCkxUMGcrd3ViZ2wzSzJ1dmhVdnQrY2N3QkRiMVMyQTN1am9BYnRPRHVJZEtrWjRWQTFpNnFqK00yVXJzc3RkdVYKWEFSUlozd0tWN3NhL0NSZVZWdHlMYSttNnV5ZVJhdHdiOXh2Nkt3cjcvYmVXa1VSalM5WlBtR2FPN3p2b1hRYwpqT2NCVzdKc1dmM2J0cnR2cFlLMUVvVTI1S2lsTThYeFJJdnhxalBURFNvVFBua0lIZEM5UnlHb3pHN1o3VFpDClFtYzRGNm55NDA5WHVmTGVnT3M5Ykpmd1luWnRjYXZUckJtbXNsMFRERVpmMjF4UWpCcEVhcEd4UmpOR1p0YlEKOGM1SSs2a3g4N0l1eFpmVTlhaFdqbmlqYXUzVGRYRE5nbkxJOFdIMnhqNlR6V0wvaDU3M3pScWwwQkhDajBXeApVSXBobk52WTZvdU93a0NLUE5LSC9FdXVjUEg5MDJyTUVZUlQ1ek5vN0VkNUxvU25jMnFTUEp4aGM5N1VEKzdkCnhvRFM4MmJ2UDhKWTNvOERNZnFxd1hBamYvd0t4OTlxdVAvSDlNZ2FxeEVocUFDb1JXNVQzZnJOWVlwRkFpQ3IKRTJNQ2JZdWlpL00zZ3FDaFhsckkybDlBWVpSb2hSTjAxYW5TV0xNSWNZQkt6UlA1SE9qL1ZkMXFlN21wUlFWdQpydXpna2Y2bHBGQnBVV0hpYXVxZG9RSURBUUFCbzFZd1ZEQU9CZ05WSFE4QkFmOEVCQU1DQmFBd0V3WURWUjBsCkJBd3dDZ1lJS3dZQkJRVUhBd0l3REFZRFZSMFRBUUgvQkFJd0FEQWZCZ05WSFNNRUdEQVdnQlF3c0pOVm5rL2gKa1VydEVSZzZ4cXR5ZVRuK25UQU5CZ2txaGtpRzl3MEJBUXNGQUFPQ0FnRUFhd3dEUUlRWmJROFB3NERCR1Q3QwpldWFnK2VVMkpjcTMyTlh6WEo4SWlFU0xNMEZDL0tHTUJCZDRocjZQYUtmU080eFZWdEc2b0FJbkMyN21aYXNRCkhIb0F5ZXN1SXBPbmhKMDRlak5Oc25menIwTDJvMDhvbUcyb0NMU2lKWnp1VW1PYXFzZzlTVVc4VmdENERPZjcKMU9VZmZZOTBneTVrblFyaHlIdmMxdlhneDFQcjZZMkdXam1aeERNR0hkS2ora2ZlU2tLMHhvenpTRzMzUmtNQQpWN0I1YUlqaWhhUmVyRXo0VStNbGovZ2pFQW9BNzhPRXhFTVF5bDEwZmM5VU5kNVBxdWNoeWZKeGY0ZG9pdERzCmd4L1dpZTJBaHl1RDBxN0NmMmRlVlh5TldKbVJ6Z0ZDZ1V1aUZ5UGo1VGduSlQ3UlJXT0FVNkQ1QkEyZ1E0SWsKbzdvK3VBTWkrV1l4K05CWnlsS2hnSGpjZS8yT0UzT3ZROHNRTFBDMEk0Uk02MzRzZ0I2YUVyRDNuTjRMcnFYaApiSFVWQ1FuVTlPVmNFMFhIdUQ0WDhoRHd5azZXZzM2Q1dzMkxsQ0IrYjNtd2lSaktiMFRuVEFQS254MXBwemlGCjhMb3NXbEQ5cHVKajF3N3NBZFpCL2dULzFQd1M3RUlwdi9wVXUvWjQ2OVAra1ZWejcyOXRXWExVTnZzbC9PY2IKYndZYWJhMlMwUFlaRzZaSG15R0VuZmhvUlZRY3JrajZYdkZNYkxQeHg0ZnI2VDZGcWxNVlNyaDluWWMrek85UAo1b2hLYUIyMWc4RDlXMnh2RFkxZ1lQSnBjTzNQRXJvOVlWbVppV1MycnhNK0gxaTFzZ3JaOVAyR1lCbFdvM0p5CkgvUSsrSzkzSEZkdkJGTWozSS9ZbTRrPQotLS0tLUVORCBDRVJUSUZJQ0FURS0tLS0tCg==",
                "client_key": "LS0tLS1CRUdJTiBSU0EgUFJJVkFURSBLRVktLS0tLQpNSUlKSndJQkFBS0NBZ0VBcmFhTFkyaHlLam11ajg4bXY3Y1hQL2hDQnFjNk16cnpoWVJ6QWNoczJRUmptczlUCmZKM1VmM0VhdzNtRmlnSWhOaWZnUkxzaUhRQWFOemlRMTFGb1VsV1Viak93enQ4d0wvUjFCTjFnbWNuZTFheHMKajNVOHZZMXh1RTByelJwRGZGOWhhS2NnUXE4cW9xT0dGVnZaMVMwOUlQc0xtNEpkeXRycjRWTDdmbkhNQVEyOQpVdGdON282QUc3VGc3aUhTcEdlRlFOWXVxby9qTmxLN0xMWGJsVndFVVdkOENsZTdHdndrWGxWYmNpMnZwdXJzCm5rV3JjRy9jYitpc0srLzIzbHBGRVkwdldUNWhtanU4NzZGMEhJem5BVnV5YkZuOTI3YTdiNldDdFJLRk51U28KcFRQRjhVU0w4YW96MHcwcUV6NTVDQjNRdlVjaHFNeHUyZTAyUWtKbk9CZXA4dU5QVjdueTNvRHJQV3lYOEdKMgpiWEdyMDZ3WnBySmRFd3hHWDl0Y1VJd2FSR3FSc1VZelJtYlcwUEhPU1B1cE1mT3lMc1dYMVBXb1ZvNTRvMnJ0CjAzVnd6WUp5eVBGaDlzWStrODFpLzRlZTk4MGFwZEFSd285RnNWQ0tZWnpiMk9xTGpzSkFpanpTaC94THJuRHgKL2ROcXpCR0VVK2N6YU94SGVTNkVwM05xa2p5Y1lYUGUxQS91M2NhQTB2Tm03ei9DV042UEF6SDZxc0Z3STMvOApDc2ZmYXJqL3gvVElHcXNSSWFnQXFFVnVVOTM2eldHS1JRSWdxeE5qQW0yTG9vdnpONEtnb1Y1YXlOcGZRR0dVCmFJVVRkTldwMGxpekNIR0FTczBUK1J6by8xWGRhbnU1cVVVRmJxN3M0SkgrcGFSUWFWRmg0bXJxbmFFQ0F3RUEKQVFLQ0FnQkY0SExPdWNUWEFRY2hqM1pFUjJUdnRQSzh3cVpFMzBBSFJsa1JLcG5DYW1XNmNodGlWaENnaDk4QgpNZkZ1cTVTNXVpb2cvanluOXRhVnlnbGUyNzlqQWxVTVUzaWVobWxab3NGRUIrRkxnVlJPSDJoQUFpbEREWnZwClVnU0NNRU5mMVBIWnJ3Ym9UcHlWZmNBQzhFY2o1V1JuMVIzQ29oOGo5aHhkTzR0QVFvS1pHZkpKVisralEyeUIKdWJPWm43cW50WkNGbXFxRXNBbjZYaWc3d2FKdTQreEk1WitnZWRVczhyR2YxREZNTE40MkNPcldkYXFiUUNndwpVQ3lZTWFQaHJlbUZPbzhIRm5jb0hVbldFOTRwYnZtMkxqUUtMZHhkZ1piRFFwTHFVbDJRelVxZno4bWpZTFgvCnRVSE5kOHFxbThVUVl3OFFXNE5MN1pmZDBmcTIzVERMekFFUm1jZTR0TXlBVFROVVphellaczYzZ0ZxQk43cTcKV0ZVSTZoUi9yKytMZUE0bFpDS3NWRy9zbVJtSllDdmhzMG1hcFJpRWIwUnJuS1h0bEZvMGx5a0p0b3FuWmcvVgpjOXpKODhsdDJtUVM5aThiZ1E1WjR0VUM5cFBYZCtTckpOMnFhOWZnQURIbm50SVE0ampMS3llZXg4Wm1XZExWCnVsMmxkNi92WTZnOWorZTVmUm9vQUtJempabm9BTnYrZGhPNldxVU05WG4yY1NzNHM2OVZ0SVBwbGExb3lHaC8KQlhMcjFZWkZnQXYrazVIbmt5M1BwVUZLN2tSY3h0Zkk3dVhISG9NWno2TkRIa3JzWFpqZXlJMHFxb05EUWhveQpBdmwzVG1KTEY2TzBVOTBzbXRYVjhBMlArdGNQbXlZeklrZ1QxOFhxYk5sZGgvNGdVUUtDQVFFQTNDMW1SbWR3CnN2SlBKRXhGZUk4dHlaby93ZGdoWk5Cb1gxaFlwSldPYy8vMGRLM1B5dXdMZmdDbC9FMEU5SU9pUW91S1JSZXkKYkUvb09hbnc0QmdCYWdMWFFIdGgxa1Q5YXlrL2N6eDduVkJHRjJqRy9BQ1hUSi9ZSGJiYzZEQThPYlpQekczQgptaXNHdjU3eXg3anV3Um5zeXpSTHhWdDRPMXpjUXBBVzFVbFEzL1dxVkZ1bU5xRmZSZWlRTHRPS203SXlGOEtiClNGT3RSRWR6YjV6YXhLb0p3bUNJU1EwSG5BYWx6OUJmYzRZak04TytRamo3eWl1NUFISnprQk00SkI2bk93Q1AKMk1wSXQzVzd5UlJKRURVWjlLd3lpa1R4bisxUlU3em1DYVg5Mjl0U3hHODJkVElsYjdXNE5wZnEwVTRRNDA5cwpJak54UWpKNWtvWmFnd0tDQVFFQXllZENhZmRSNVpEWW9DbG05eWx6aUxzQUV6WWlsdjNPY3BNNVNoUEVJTFRvCjdtV01oaEVxQjhqK0JJeGJPQmwxVmtDWFdUcmovZ1BLSSsvTjhQak15cHllRC8wWURCVkY3aUxLVnhuNFZ0VTAKUGFDaERTSGY1Zi9yZDVRZEdzUm11WmsyemFwU1phd0VPVWkydFRDK1dWa25pUTdlU1g3bXpXZjNmdDBGc3pveQpObFV6QTcrOGFURTBBa3YxaGpHWTRKcldSRVBWWmt1SXE3bG92cFY1cEdZR0lpaTE3YkJGZUEzQjFGYjNiNzg2CmdBY0lZWTd1VmRmN25ZcHdraitxQ25FZzJhTWdvdnhHdHdFK3pCVUxRalpNeGxTMDlDL2c3aFVtVGFlUG9oNmcKR0dsWGZPdndCR2dxWkZGSjdxTFhyUnIyNVNGbWVVZ3FGVWlNTkpNK0N3S0NBUUFnSTBoUWNuelN3ZWVuWnJLbApQRkQwb2wwNEVESWZvd1A1RnM0cGgrTDVMNTBoQXRYWHlzaUtwZEdVbURGbTkyZlJ5c2h0K1YyRHpjNFp6S0pxCk0xYlJnSVNtMXR1YkNRcnNmMkxSa1R5QjQ5dTNRd1g0ZHFXZSs1M3lDR1VLUnpBalJHYzFjYmZXcHYwZkx6WkUKek11Y3lBbjJSelhnSXMvVDZtUUVHMEFaOWMrbVFSZVJwS2NJUmxtL3ZJaC9MVVdJSUdTTGIwNTNLaSthVGN1ZAp1UWw5dDB3aFlUSERaL0Y2WnNZQkpXc3BVNlVEdzBpY0pmRXF1Mk1QbTZVZW5JK1BSaUltekpneWpxUTZreWJMCjNQZ2xNM3NNYWE0ZTNKMWdPS1dzVVdCS2ZENG52MFcvZ25ReWV4Vlh6dkNLbDNZaEF3SVlDOW0rekQ5MTZDUXkKclFXOUFvSUJBSE5iMjlsNXd1UThsMWtqYnI1SGc4aWF0OWRDTmc4NVl1eVo2OERFZkdvSGs1TXFtRmk5azlzdwozdG93YTZvbytaN1hkdUkzd0s2UThiMEl0ZzA1eXFEMVRXWnJRSU1lNEg3SWgvMnVTL01wREJrdUh2Ykc1UXVmCjVxVEREc0lOZDNnUjczc2hGc1VhdktzU1BicFc2RnRha2psQU1vZWhwek96ZEhpYXhqZjZSMWc5NDlEL2l5STcKUjdFTVAzTjJBUmhMdjZMdmN3MW9tT1V0SVlqTEZONTJvSWlCNURpelgyM1J4bTZSWmYwR01PR1hveFZDdWpCNApJRDZLSy9tVHdJOEl4akV6Z0dFL2JSUUE5U1ZiM0x2dkZIeTVSMDdCMEcyWHpmUE9pa1doNCswdXV4c1lIMklWCk5pdHRPcVhMaXhsUDc4TkpDeWkrcjdUTFo3aGViTE1DZ2dFQUdQSWRLMEEvNkk4NUZBc1daU1lOMEU1RWJGWE4KM1NaTzQ5bjhZb1UrS0Q0SitiMWJLRUFzRitLNlB0b0FTQ2lJRDQ5Smd6dFhoY0VPZzZPVzl4amJOb2ZTbVdQMQpnRTdJbjhsU3NuMnEveWtzR0U1RWlEdVkxdkVmRkZnNklQdzhIYTJDOWhRbGNRVTF0eHl5ZmVSZTUyUG9GUkZDClBxZm1lbXdpR0YrbmFYSjNVTVR1MHBIWWpwVWR5dzVRVWUvbGoyWVRxK0FMK1U5MXNCUGFnZ01PUEpOQ1NQQWwKNVhScVdEZUF0OE1JZHlxZVE3Tk0xNlZIWXNxanFSUmdiZGtZeGt6eW5UYytEQ0FzbkpiQlQwUkl1a3JpKzMrZApQNGozSDNmbS82UVBybm5vdkdaT3ZBN3UyR1B2MENNblRFcG4xcnVjMXNkODd0MU9YTC9vQWVzdEJnPT0KLS0tLS1FTkQgUlNBIFBSSVZBVEUgS0VZLS0tLS0K",
                "cluster_ca_certificate": "LS0tLS1CRUdJTiBDRVJUSUZJQ0FURS0tLS0tCk1JSUU2RENDQXRDZ0F3SUJBZ0lRSTlYeTRXaDhHWUhTZ1hpeFR2UjNuakFOQmdrcWhraUc5dzBCQVFzRkFEQU4KTVFzd0NRWURWUVFERXdKallUQWdGdzB5TWpBek1qUXhNVFF3TWpaYUdBOHlNRFV5TURNeU5ERXhOVEF5TmxvdwpEVEVMTUFrR0ExVUVBeE1DWTJFd2dnSWlNQTBHQ1NxR1NJYjNEUUVCQVFVQUE0SUNEd0F3Z2dJS0FvSUNBUUN1CnMzV3lwcEFPMU9Rc2hmc0lTTE5VWVpuYkcwblRBQ1V0VmVKcnp4MFlSRHA4NE9tODZhd1RxU1d5SStiUlJjQWoKZXpOT3paNVFJc2orQXdpTzBuY3NSMFBOaTlYTnVnbTJDVjFrL1ZOWDdOYjRNYlgxMFBkV0lzc3g2NGZjUFExQwp4dTNzUmNmWWJnYVIvSGFLWnQ1d3RYYUJiam9vYmRZcitXMExHRlpLd1B2Z0pOK044c3pxMFFVT01rQ3NUUkVlCkI5bmF3aVIydktXSmtJc0NMaXI4V2lVNnRoc3lnMTRMeVFScGtiKzFLWXhrZVVmeDErQWFNWktNR0JPTDdxVlcKSVRVRFdRemx0Q1hwZkt4Y0IwTnRBaCs3SmpMOS9nNTUwaG1oUXFibmovRDE1c044RFo5QU5mbm5PUkFFdmVlSAprR2UwdHNDc2l5YVRPbCs4R3ZuUEF0RlcxUUVVNjFMR3IxT0ZCWDNNaGZaV21UOVcwSmVqYnpCU2xuQWdvQnphCmhZK2FMLzlpZGVTOE5qWGQ0VjNDSUR1bjl4NnhjRXhXcks2WExjU0ZRajBiL3hrNXVYRHZCV1V4S1Ewa1JkcmMKNnRyeDVvVGZRZXB5NHhGaTdCUUV4ZDFTbW1sWDNTUTl5WmI4dEQvZjgxaHYrOWdDWFF4a09KTGxwUW5VQUgwWQpDM1pCUDM3UDdLTFBib3dVaVo1NERFUE44OXVWQU9QOGZLSUw4dmN1UXVueU44Y0FGQXNvRVdRWG1VT1VGZitGCmYzSC9FKzdFSGNObzVMdWdqN3V2WmNOU3M3L2lOS052VDhoamsxQ0FOMVk2TkRTSzUvNllHS1dDN00rSFRlUHUKWVpzWUlMenVXYXZFQ1piYkNsNkJ5TU42eWJJRnVSTnB2TmZvMUNpNWR3SURBUUFCbzBJd1FEQU9CZ05WSFE4QgpBZjhFQkFNQ0FxUXdEd1lEVlIwVEFRSC9CQVV3QXdFQi96QWRCZ05WSFE0RUZnUVVNTENUVlo1UDRaRks3UkVZCk9zYXJjbms1L3Awd0RRWUpLb1pJaHZjTkFRRUxCUUFEZ2dJQkFBdy8xTDVjRkNXRTVlYnNBZ2lvZ3E0MThNU2UKWEo4U2VjcHNUYnJyUHhOcWVFOE1KeVIrWG1pK0dNMkl3R1RHTVlTQ09nTTRnSXNBQVJGWE5RdGU0OWJIQ0xOMQpzTENvM1JNWk1zWDRpTHlaTUpjZnkrU2pJQmpXZmVzRHFMUDVNNW1PRVIyLzNadEoyeE1CY3VnM0dLNnZBNXlkCmQyaE9ONnpLVW9idzd3bUNBUXZ6UjdObWVwY1JUWWRWbXhDVUU5RFNlSkQ1Q1BvQ1UxY2hIS1VLZWptZmZ5bVcKb0JVcWJHVjAxQmdHbzB1bjFnbDBZTCszMnFHNURTOG9ZWm8vS0hrVFVaL3JXUEpsUkxmRGpKdEJzOFVkcjlpdgpidzZya1BJZkZNWXdieVRRWkk5SnRSZDVHR2RPT1duYWxjVEI1NmxDdU9PcE5qNE8ybWRvZlFTQndOVzlZZVd1ClJrVDJDd3o2Mm9mVEpvbktPaTM1S2NRN2d3eVcrTmJrMlJtbzc3QmkyaEpUd0EzNHVJbUZXQS9ibzBjWHAxNlYKRzJyUkUycHBQcXZpOW9VSnAyeE5ObE85NjZxS01XM0x0NUZPUDdDL2syZXZ4bTBpRmhlZFF1VVlQdTF5VWVhSgpRdEl3cHRSS3V6TmF1VG5XMmdtSjFXUEVQQVlUYmVQaGt4QzBNK05ZYlNHMy9xRlFmQjRVWkR0MW1IbS9mZ3ZHCklpU09IdmV2NHlYY0Y1ODBFL05VKzVLQ0dOOExUNzkvajlaQVg3NlRaKzBFdlhqOWx3dytBZmRnVUxPdytUakgKOUZEdjhBMU5iaXo0K2dhODF6TVc0TVV1TTA4Qitwdkk1RlJYdDdmSHVNMnAxdHRIem9yRDEyVlYvSVU2MVErYgptd2xIR0ptYm0vdE1SQXJJCi0tLS0tRU5EIENFUlRJRklDQVRFLS0tLS0K",
                "host": "https://akscni-f8be766d.hcp.eastus.azmk8s.io:443",
                "password": "ad4d94fcc9b824c622039560932bcf078e9ba35bce3b91ca7567573efd7b5213d7e916c91b7deb2f60dbd81053b1d4bc43ec70f184f6da18ce708606c1b8aa6f",
                "username": "clusterUser_raki-pg-operator-rg_aks-cni"
              }
            ],
            "kube_config_raw": "apiVersion: v1\nclusters:\n- cluster:\n    certificate-authority-data: LS0tLS1CRUdJTiBDRVJUSUZJQ0FURS0tLS0tCk1JSUU2RENDQXRDZ0F3SUJBZ0lRSTlYeTRXaDhHWUhTZ1hpeFR2UjNuakFOQmdrcWhraUc5dzBCQVFzRkFEQU4KTVFzd0NRWURWUVFERXdKallUQWdGdzB5TWpBek1qUXhNVFF3TWpaYUdBOHlNRFV5TURNeU5ERXhOVEF5TmxvdwpEVEVMTUFrR0ExVUVBeE1DWTJFd2dnSWlNQTBHQ1NxR1NJYjNEUUVCQVFVQUE0SUNEd0F3Z2dJS0FvSUNBUUN1CnMzV3lwcEFPMU9Rc2hmc0lTTE5VWVpuYkcwblRBQ1V0VmVKcnp4MFlSRHA4NE9tODZhd1RxU1d5SStiUlJjQWoKZXpOT3paNVFJc2orQXdpTzBuY3NSMFBOaTlYTnVnbTJDVjFrL1ZOWDdOYjRNYlgxMFBkV0lzc3g2NGZjUFExQwp4dTNzUmNmWWJnYVIvSGFLWnQ1d3RYYUJiam9vYmRZcitXMExHRlpLd1B2Z0pOK044c3pxMFFVT01rQ3NUUkVlCkI5bmF3aVIydktXSmtJc0NMaXI4V2lVNnRoc3lnMTRMeVFScGtiKzFLWXhrZVVmeDErQWFNWktNR0JPTDdxVlcKSVRVRFdRemx0Q1hwZkt4Y0IwTnRBaCs3SmpMOS9nNTUwaG1oUXFibmovRDE1c044RFo5QU5mbm5PUkFFdmVlSAprR2UwdHNDc2l5YVRPbCs4R3ZuUEF0RlcxUUVVNjFMR3IxT0ZCWDNNaGZaV21UOVcwSmVqYnpCU2xuQWdvQnphCmhZK2FMLzlpZGVTOE5qWGQ0VjNDSUR1bjl4NnhjRXhXcks2WExjU0ZRajBiL3hrNXVYRHZCV1V4S1Ewa1JkcmMKNnRyeDVvVGZRZXB5NHhGaTdCUUV4ZDFTbW1sWDNTUTl5WmI4dEQvZjgxaHYrOWdDWFF4a09KTGxwUW5VQUgwWQpDM1pCUDM3UDdLTFBib3dVaVo1NERFUE44OXVWQU9QOGZLSUw4dmN1UXVueU44Y0FGQXNvRVdRWG1VT1VGZitGCmYzSC9FKzdFSGNObzVMdWdqN3V2WmNOU3M3L2lOS052VDhoamsxQ0FOMVk2TkRTSzUvNllHS1dDN00rSFRlUHUKWVpzWUlMenVXYXZFQ1piYkNsNkJ5TU42eWJJRnVSTnB2TmZvMUNpNWR3SURBUUFCbzBJd1FEQU9CZ05WSFE4QgpBZjhFQkFNQ0FxUXdEd1lEVlIwVEFRSC9CQVV3QXdFQi96QWRCZ05WSFE0RUZnUVVNTENUVlo1UDRaRks3UkVZCk9zYXJjbms1L3Awd0RRWUpLb1pJaHZjTkFRRUxCUUFEZ2dJQkFBdy8xTDVjRkNXRTVlYnNBZ2lvZ3E0MThNU2UKWEo4U2VjcHNUYnJyUHhOcWVFOE1KeVIrWG1pK0dNMkl3R1RHTVlTQ09nTTRnSXNBQVJGWE5RdGU0OWJIQ0xOMQpzTENvM1JNWk1zWDRpTHlaTUpjZnkrU2pJQmpXZmVzRHFMUDVNNW1PRVIyLzNadEoyeE1CY3VnM0dLNnZBNXlkCmQyaE9ONnpLVW9idzd3bUNBUXZ6UjdObWVwY1JUWWRWbXhDVUU5RFNlSkQ1Q1BvQ1UxY2hIS1VLZWptZmZ5bVcKb0JVcWJHVjAxQmdHbzB1bjFnbDBZTCszMnFHNURTOG9ZWm8vS0hrVFVaL3JXUEpsUkxmRGpKdEJzOFVkcjlpdgpidzZya1BJZkZNWXdieVRRWkk5SnRSZDVHR2RPT1duYWxjVEI1NmxDdU9PcE5qNE8ybWRvZlFTQndOVzlZZVd1ClJrVDJDd3o2Mm9mVEpvbktPaTM1S2NRN2d3eVcrTmJrMlJtbzc3QmkyaEpUd0EzNHVJbUZXQS9ibzBjWHAxNlYKRzJyUkUycHBQcXZpOW9VSnAyeE5ObE85NjZxS01XM0x0NUZPUDdDL2syZXZ4bTBpRmhlZFF1VVlQdTF5VWVhSgpRdEl3cHRSS3V6TmF1VG5XMmdtSjFXUEVQQVlUYmVQaGt4QzBNK05ZYlNHMy9xRlFmQjRVWkR0MW1IbS9mZ3ZHCklpU09IdmV2NHlYY0Y1ODBFL05VKzVLQ0dOOExUNzkvajlaQVg3NlRaKzBFdlhqOWx3dytBZmRnVUxPdytUakgKOUZEdjhBMU5iaXo0K2dhODF6TVc0TVV1TTA4Qitwdkk1RlJYdDdmSHVNMnAxdHRIem9yRDEyVlYvSVU2MVErYgptd2xIR0ptYm0vdE1SQXJJCi0tLS0tRU5EIENFUlRJRklDQVRFLS0tLS0K\n    server: https://akscni-f8be766d.hcp.eastus.azmk8s.io:443\n  name: aks-cni\ncontexts:\n- context:\n    cluster: aks-cni\n    user: clusterUser_raki-pg-operator-rg_aks-cni\n  name: aks-cni\ncurrent-context: aks-cni\nkind: Config\npreferences: {}\nusers:\n- name: clusterUser_raki-pg-operator-rg_aks-cni\n  user:\n    client-certificate-data: LS0tLS1CRUdJTiBDRVJUSUZJQ0FURS0tLS0tCk1JSUZIVENDQXdXZ0F3SUJBZ0lRTmRUTThRd1gzQzZhRlh2b1VGSkN6akFOQmdrcWhraUc5dzBCQVFzRkFEQU4KTVFzd0NRWURWUVFERXdKallUQWVGdzB5TWpBek1qUXhNVFF3TWpaYUZ3MHlOREF6TWpReE1UVXdNalphTURBeApGekFWQmdOVkJBb1REbk41YzNSbGJUcHRZWE4wWlhKek1SVXdFd1lEVlFRREV3eHRZWE4wWlhKamJHbGxiblF3CmdnSWlNQTBHQ1NxR1NJYjNEUUVCQVFVQUE0SUNEd0F3Z2dJS0FvSUNBUUN0cG90amFISXFPYTZQenlhL3R4Yy8KK0VJR3B6b3pPdk9GaEhNQnlHelpCR09hejFOOG5kUi9jUnJEZVlXS0FpRTJKK0JFdXlJZEFCbzNPSkRYVVdoUwpWWlJ1TTdETzN6QXY5SFVFM1dDWnlkN1ZyR3lQZFR5OWpYRzRUU3ZOR2tOOFgyRm9weUJDcnlxaW80WVZXOW5WCkxUMGcrd3ViZ2wzSzJ1dmhVdnQrY2N3QkRiMVMyQTN1am9BYnRPRHVJZEtrWjRWQTFpNnFqK00yVXJzc3RkdVYKWEFSUlozd0tWN3NhL0NSZVZWdHlMYSttNnV5ZVJhdHdiOXh2Nkt3cjcvYmVXa1VSalM5WlBtR2FPN3p2b1hRYwpqT2NCVzdKc1dmM2J0cnR2cFlLMUVvVTI1S2lsTThYeFJJdnhxalBURFNvVFBua0lIZEM5UnlHb3pHN1o3VFpDClFtYzRGNm55NDA5WHVmTGVnT3M5Ykpmd1luWnRjYXZUckJtbXNsMFRERVpmMjF4UWpCcEVhcEd4UmpOR1p0YlEKOGM1SSs2a3g4N0l1eFpmVTlhaFdqbmlqYXUzVGRYRE5nbkxJOFdIMnhqNlR6V0wvaDU3M3pScWwwQkhDajBXeApVSXBobk52WTZvdU93a0NLUE5LSC9FdXVjUEg5MDJyTUVZUlQ1ek5vN0VkNUxvU25jMnFTUEp4aGM5N1VEKzdkCnhvRFM4MmJ2UDhKWTNvOERNZnFxd1hBamYvd0t4OTlxdVAvSDlNZ2FxeEVocUFDb1JXNVQzZnJOWVlwRkFpQ3IKRTJNQ2JZdWlpL00zZ3FDaFhsckkybDlBWVpSb2hSTjAxYW5TV0xNSWNZQkt6UlA1SE9qL1ZkMXFlN21wUlFWdQpydXpna2Y2bHBGQnBVV0hpYXVxZG9RSURBUUFCbzFZd1ZEQU9CZ05WSFE4QkFmOEVCQU1DQmFBd0V3WURWUjBsCkJBd3dDZ1lJS3dZQkJRVUhBd0l3REFZRFZSMFRBUUgvQkFJd0FEQWZCZ05WSFNNRUdEQVdnQlF3c0pOVm5rL2gKa1VydEVSZzZ4cXR5ZVRuK25UQU5CZ2txaGtpRzl3MEJBUXNGQUFPQ0FnRUFhd3dEUUlRWmJROFB3NERCR1Q3QwpldWFnK2VVMkpjcTMyTlh6WEo4SWlFU0xNMEZDL0tHTUJCZDRocjZQYUtmU080eFZWdEc2b0FJbkMyN21aYXNRCkhIb0F5ZXN1SXBPbmhKMDRlak5Oc25menIwTDJvMDhvbUcyb0NMU2lKWnp1VW1PYXFzZzlTVVc4VmdENERPZjcKMU9VZmZZOTBneTVrblFyaHlIdmMxdlhneDFQcjZZMkdXam1aeERNR0hkS2ora2ZlU2tLMHhvenpTRzMzUmtNQQpWN0I1YUlqaWhhUmVyRXo0VStNbGovZ2pFQW9BNzhPRXhFTVF5bDEwZmM5VU5kNVBxdWNoeWZKeGY0ZG9pdERzCmd4L1dpZTJBaHl1RDBxN0NmMmRlVlh5TldKbVJ6Z0ZDZ1V1aUZ5UGo1VGduSlQ3UlJXT0FVNkQ1QkEyZ1E0SWsKbzdvK3VBTWkrV1l4K05CWnlsS2hnSGpjZS8yT0UzT3ZROHNRTFBDMEk0Uk02MzRzZ0I2YUVyRDNuTjRMcnFYaApiSFVWQ1FuVTlPVmNFMFhIdUQ0WDhoRHd5azZXZzM2Q1dzMkxsQ0IrYjNtd2lSaktiMFRuVEFQS254MXBwemlGCjhMb3NXbEQ5cHVKajF3N3NBZFpCL2dULzFQd1M3RUlwdi9wVXUvWjQ2OVAra1ZWejcyOXRXWExVTnZzbC9PY2IKYndZYWJhMlMwUFlaRzZaSG15R0VuZmhvUlZRY3JrajZYdkZNYkxQeHg0ZnI2VDZGcWxNVlNyaDluWWMrek85UAo1b2hLYUIyMWc4RDlXMnh2RFkxZ1lQSnBjTzNQRXJvOVlWbVppV1MycnhNK0gxaTFzZ3JaOVAyR1lCbFdvM0p5CkgvUSsrSzkzSEZkdkJGTWozSS9ZbTRrPQotLS0tLUVORCBDRVJUSUZJQ0FURS0tLS0tCg==\n    client-key-data: LS0tLS1CRUdJTiBSU0EgUFJJVkFURSBLRVktLS0tLQpNSUlKSndJQkFBS0NBZ0VBcmFhTFkyaHlLam11ajg4bXY3Y1hQL2hDQnFjNk16cnpoWVJ6QWNoczJRUmptczlUCmZKM1VmM0VhdzNtRmlnSWhOaWZnUkxzaUhRQWFOemlRMTFGb1VsV1Viak93enQ4d0wvUjFCTjFnbWNuZTFheHMKajNVOHZZMXh1RTByelJwRGZGOWhhS2NnUXE4cW9xT0dGVnZaMVMwOUlQc0xtNEpkeXRycjRWTDdmbkhNQVEyOQpVdGdON282QUc3VGc3aUhTcEdlRlFOWXVxby9qTmxLN0xMWGJsVndFVVdkOENsZTdHdndrWGxWYmNpMnZwdXJzCm5rV3JjRy9jYitpc0srLzIzbHBGRVkwdldUNWhtanU4NzZGMEhJem5BVnV5YkZuOTI3YTdiNldDdFJLRk51U28KcFRQRjhVU0w4YW96MHcwcUV6NTVDQjNRdlVjaHFNeHUyZTAyUWtKbk9CZXA4dU5QVjdueTNvRHJQV3lYOEdKMgpiWEdyMDZ3WnBySmRFd3hHWDl0Y1VJd2FSR3FSc1VZelJtYlcwUEhPU1B1cE1mT3lMc1dYMVBXb1ZvNTRvMnJ0CjAzVnd6WUp5eVBGaDlzWStrODFpLzRlZTk4MGFwZEFSd285RnNWQ0tZWnpiMk9xTGpzSkFpanpTaC94THJuRHgKL2ROcXpCR0VVK2N6YU94SGVTNkVwM05xa2p5Y1lYUGUxQS91M2NhQTB2Tm03ei9DV042UEF6SDZxc0Z3STMvOApDc2ZmYXJqL3gvVElHcXNSSWFnQXFFVnVVOTM2eldHS1JRSWdxeE5qQW0yTG9vdnpONEtnb1Y1YXlOcGZRR0dVCmFJVVRkTldwMGxpekNIR0FTczBUK1J6by8xWGRhbnU1cVVVRmJxN3M0SkgrcGFSUWFWRmg0bXJxbmFFQ0F3RUEKQVFLQ0FnQkY0SExPdWNUWEFRY2hqM1pFUjJUdnRQSzh3cVpFMzBBSFJsa1JLcG5DYW1XNmNodGlWaENnaDk4QgpNZkZ1cTVTNXVpb2cvanluOXRhVnlnbGUyNzlqQWxVTVUzaWVobWxab3NGRUIrRkxnVlJPSDJoQUFpbEREWnZwClVnU0NNRU5mMVBIWnJ3Ym9UcHlWZmNBQzhFY2o1V1JuMVIzQ29oOGo5aHhkTzR0QVFvS1pHZkpKVisralEyeUIKdWJPWm43cW50WkNGbXFxRXNBbjZYaWc3d2FKdTQreEk1WitnZWRVczhyR2YxREZNTE40MkNPcldkYXFiUUNndwpVQ3lZTWFQaHJlbUZPbzhIRm5jb0hVbldFOTRwYnZtMkxqUUtMZHhkZ1piRFFwTHFVbDJRelVxZno4bWpZTFgvCnRVSE5kOHFxbThVUVl3OFFXNE5MN1pmZDBmcTIzVERMekFFUm1jZTR0TXlBVFROVVphellaczYzZ0ZxQk43cTcKV0ZVSTZoUi9yKytMZUE0bFpDS3NWRy9zbVJtSllDdmhzMG1hcFJpRWIwUnJuS1h0bEZvMGx5a0p0b3FuWmcvVgpjOXpKODhsdDJtUVM5aThiZ1E1WjR0VUM5cFBYZCtTckpOMnFhOWZnQURIbm50SVE0ampMS3llZXg4Wm1XZExWCnVsMmxkNi92WTZnOWorZTVmUm9vQUtJempabm9BTnYrZGhPNldxVU05WG4yY1NzNHM2OVZ0SVBwbGExb3lHaC8KQlhMcjFZWkZnQXYrazVIbmt5M1BwVUZLN2tSY3h0Zkk3dVhISG9NWno2TkRIa3JzWFpqZXlJMHFxb05EUWhveQpBdmwzVG1KTEY2TzBVOTBzbXRYVjhBMlArdGNQbXlZeklrZ1QxOFhxYk5sZGgvNGdVUUtDQVFFQTNDMW1SbWR3CnN2SlBKRXhGZUk4dHlaby93ZGdoWk5Cb1gxaFlwSldPYy8vMGRLM1B5dXdMZmdDbC9FMEU5SU9pUW91S1JSZXkKYkUvb09hbnc0QmdCYWdMWFFIdGgxa1Q5YXlrL2N6eDduVkJHRjJqRy9BQ1hUSi9ZSGJiYzZEQThPYlpQekczQgptaXNHdjU3eXg3anV3Um5zeXpSTHhWdDRPMXpjUXBBVzFVbFEzL1dxVkZ1bU5xRmZSZWlRTHRPS203SXlGOEtiClNGT3RSRWR6YjV6YXhLb0p3bUNJU1EwSG5BYWx6OUJmYzRZak04TytRamo3eWl1NUFISnprQk00SkI2bk93Q1AKMk1wSXQzVzd5UlJKRURVWjlLd3lpa1R4bisxUlU3em1DYVg5Mjl0U3hHODJkVElsYjdXNE5wZnEwVTRRNDA5cwpJak54UWpKNWtvWmFnd0tDQVFFQXllZENhZmRSNVpEWW9DbG05eWx6aUxzQUV6WWlsdjNPY3BNNVNoUEVJTFRvCjdtV01oaEVxQjhqK0JJeGJPQmwxVmtDWFdUcmovZ1BLSSsvTjhQak15cHllRC8wWURCVkY3aUxLVnhuNFZ0VTAKUGFDaERTSGY1Zi9yZDVRZEdzUm11WmsyemFwU1phd0VPVWkydFRDK1dWa25pUTdlU1g3bXpXZjNmdDBGc3pveQpObFV6QTcrOGFURTBBa3YxaGpHWTRKcldSRVBWWmt1SXE3bG92cFY1cEdZR0lpaTE3YkJGZUEzQjFGYjNiNzg2CmdBY0lZWTd1VmRmN25ZcHdraitxQ25FZzJhTWdvdnhHdHdFK3pCVUxRalpNeGxTMDlDL2c3aFVtVGFlUG9oNmcKR0dsWGZPdndCR2dxWkZGSjdxTFhyUnIyNVNGbWVVZ3FGVWlNTkpNK0N3S0NBUUFnSTBoUWNuelN3ZWVuWnJLbApQRkQwb2wwNEVESWZvd1A1RnM0cGgrTDVMNTBoQXRYWHlzaUtwZEdVbURGbTkyZlJ5c2h0K1YyRHpjNFp6S0pxCk0xYlJnSVNtMXR1YkNRcnNmMkxSa1R5QjQ5dTNRd1g0ZHFXZSs1M3lDR1VLUnpBalJHYzFjYmZXcHYwZkx6WkUKek11Y3lBbjJSelhnSXMvVDZtUUVHMEFaOWMrbVFSZVJwS2NJUmxtL3ZJaC9MVVdJSUdTTGIwNTNLaSthVGN1ZAp1UWw5dDB3aFlUSERaL0Y2WnNZQkpXc3BVNlVEdzBpY0pmRXF1Mk1QbTZVZW5JK1BSaUltekpneWpxUTZreWJMCjNQZ2xNM3NNYWE0ZTNKMWdPS1dzVVdCS2ZENG52MFcvZ25ReWV4Vlh6dkNLbDNZaEF3SVlDOW0rekQ5MTZDUXkKclFXOUFvSUJBSE5iMjlsNXd1UThsMWtqYnI1SGc4aWF0OWRDTmc4NVl1eVo2OERFZkdvSGs1TXFtRmk5azlzdwozdG93YTZvbytaN1hkdUkzd0s2UThiMEl0ZzA1eXFEMVRXWnJRSU1lNEg3SWgvMnVTL01wREJrdUh2Ykc1UXVmCjVxVEREc0lOZDNnUjczc2hGc1VhdktzU1BicFc2RnRha2psQU1vZWhwek96ZEhpYXhqZjZSMWc5NDlEL2l5STcKUjdFTVAzTjJBUmhMdjZMdmN3MW9tT1V0SVlqTEZONTJvSWlCNURpelgyM1J4bTZSWmYwR01PR1hveFZDdWpCNApJRDZLSy9tVHdJOEl4akV6Z0dFL2JSUUE5U1ZiM0x2dkZIeTVSMDdCMEcyWHpmUE9pa1doNCswdXV4c1lIMklWCk5pdHRPcVhMaXhsUDc4TkpDeWkrcjdUTFo3aGViTE1DZ2dFQUdQSWRLMEEvNkk4NUZBc1daU1lOMEU1RWJGWE4KM1NaTzQ5bjhZb1UrS0Q0SitiMWJLRUFzRitLNlB0b0FTQ2lJRDQ5Smd6dFhoY0VPZzZPVzl4amJOb2ZTbVdQMQpnRTdJbjhsU3NuMnEveWtzR0U1RWlEdVkxdkVmRkZnNklQdzhIYTJDOWhRbGNRVTF0eHl5ZmVSZTUyUG9GUkZDClBxZm1lbXdpR0YrbmFYSjNVTVR1MHBIWWpwVWR5dzVRVWUvbGoyWVRxK0FMK1U5MXNCUGFnZ01PUEpOQ1NQQWwKNVhScVdEZUF0OE1JZHlxZVE3Tk0xNlZIWXNxanFSUmdiZGtZeGt6eW5UYytEQ0FzbkpiQlQwUkl1a3JpKzMrZApQNGozSDNmbS82UVBybm5vdkdaT3ZBN3UyR1B2MENNblRFcG4xcnVjMXNkODd0MU9YTC9vQWVzdEJnPT0KLS0tLS1FTkQgUlNBIFBSSVZBVEUgS0VZLS0tLS0K\n    token: ad4d94fcc9b824c622039560932bcf078e9ba35bce3b91ca7567573efd7b5213d7e916c91b7deb2f60dbd81053b1d4bc43ec70f184f6da18ce708606c1b8aa6f\n",
            "kubelet_identity": [
              {
                "client_id": "60043028-3372-4b9c-b834-aab234231570",
                "object_id": "3d1b9513-f565-4628-96e3-6d1c516ec3ea",
                "user_assigned_identity_id": "/subscriptions/ce859648-30e1-4135-9d0f-8358aebfe789/resourceGroups/MC_raki-pg-operator-rg_aks-cni_eastus/providers/Microsoft.ManagedIdentity/userAssignedIdentities/aks-cni-agentpool"
              }
            ],
            "kubernetes_version": "1.21.9",
            "linux_profile": [],
            "location": "eastus",
            "name": "aks-cni",
            "network_profile": [
              {
                "dns_service_ip": "192.168.64.10",
                "docker_bridge_cidr": "172.17.0.1/16",
                "load_balancer_profile": [
                  {
                    "effective_outbound_ips": [
                      "/subscriptions/ce859648-30e1-4135-9d0f-8358aebfe789/resourceGroups/MC_raki-pg-operator-rg_aks-cni_eastus/providers/Microsoft.Network/publicIPAddresses/e6982d29-8338-4ac8-b36a-b57b030a29d4"
                    ],
                    "idle_timeout_in_minutes": 0,
                    "managed_outbound_ip_count": 1,
                    "outbound_ip_address_ids": [],
                    "outbound_ip_prefix_ids": [],
                    "outbound_ports_allocated": 0
                  }
                ],
                "load_balancer_sku": "Standard",
                "network_mode": "",
                "network_plugin": "azure",
                "network_policy": "azure",
                "outbound_type": "loadBalancer",
                "pod_cidr": "",
                "service_cidr": "192.168.64.0/19"
              }
            ],
            "node_resource_group": "MC_raki-pg-operator-rg_aks-cni_eastus",
            "private_cluster_enabled": false,
            "private_dns_zone_id": "",
            "private_fqdn": "",
            "private_link_enabled": false,
            "resource_group_name": "raki-pg-operator-rg",
            "role_based_access_control": [
              {
                "azure_active_directory": [],
                "enabled": false
              }
            ],
            "service_principal": [],
            "sku_tier": "Free",
            "tags": {
              "Owner": "Raki",
              "Project": "Postgres Operator",
              "Source": "terraform"
            },
            "timeouts": null,
            "windows_profile": [
              {
                "admin_password": "",
                "admin_username": "azureuser"
              }
            ]
          },
          "sensitive_attributes": [],
          "private": "eyJlMmJmYjczMC1lY2FhLTExZTYtOGY4OC0zNDM2M2JjN2M0YzAiOnsiY3JlYXRlIjo1NDAwMDAwMDAwMDAwLCJkZWxldGUiOjU0MDAwMDAwMDAwMDAsInJlYWQiOjMwMDAwMDAwMDAwMCwidXBkYXRlIjo1NDAwMDAwMDAwMDAwfX0=",
          "dependencies": [
            "azurerm_resource_group.sql_migration",
            "module.vnet.azurerm_subnet.subnet",
            "module.vnet.azurerm_subnet_network_security_group_association.vnet",
            "module.vnet.azurerm_subnet_route_table_association.vnet",
            "module.vnet.azurerm_virtual_network.vnet",
            "module.vnet.data.azurerm_resource_group.vnet"
          ]
        }
      ]
    },
    {
      "mode": "managed",
      "type": "azurerm_public_ip",
      "name": "bastion_pip",
      "provider": "provider[\"registry.terraform.io/hashicorp/azurerm\"]",
      "instances": [
        {
          "schema_version": 0,
          "attributes": {
            "allocation_method": "Static",
            "domain_name_label": null,
            "fqdn": null,
            "id": "/subscriptions/ce859648-30e1-4135-9d0f-8358aebfe789/resourceGroups/raki-pg-operator-rg/providers/Microsoft.Network/publicIPAddresses/bastion-pip",
            "idle_timeout_in_minutes": 4,
            "ip_address": "20.119.121.166",
            "ip_tags": {},
            "ip_version": "IPv4",
            "location": "eastus",
            "name": "bastion-pip",
            "public_ip_prefix_id": null,
            "resource_group_name": "raki-pg-operator-rg",
            "reverse_fqdn": null,
            "sku": "Standard",
            "tags": {
              "Owner": "Raki",
              "Project": "Postgres Operator",
              "Source": "terraform"
            },
            "timeouts": null,
            "zones": []
          },
          "sensitive_attributes": [],
          "private": "eyJlMmJmYjczMC1lY2FhLTExZTYtOGY4OC0zNDM2M2JjN2M0YzAiOnsiY3JlYXRlIjoxODAwMDAwMDAwMDAwLCJkZWxldGUiOjE4MDAwMDAwMDAwMDAsInJlYWQiOjMwMDAwMDAwMDAwMCwidXBkYXRlIjoxODAwMDAwMDAwMDAwfX0=",
          "dependencies": [
            "azurerm_resource_group.sql_migration"
          ]
        }
      ]
    },
    {
      "mode": "managed",
      "type": "azurerm_resource_group",
      "name": "sql_migration",
      "provider": "provider[\"registry.terraform.io/hashicorp/azurerm\"]",
      "instances": [
        {
          "schema_version": 0,
          "attributes": {
            "id": "/subscriptions/ce859648-30e1-4135-9d0f-8358aebfe789/resourceGroups/raki-pg-operator-rg",
            "location": "eastus",
            "name": "raki-pg-operator-rg",
            "tags": {
              "Owner": "Raki",
              "Project": "Postgres Operator",
              "Source": "terraform"
            },
            "timeouts": null
          },
          "sensitive_attributes": [],
          "private": "eyJlMmJmYjczMC1lY2FhLTExZTYtOGY4OC0zNDM2M2JjN2M0YzAiOnsiY3JlYXRlIjo1NDAwMDAwMDAwMDAwLCJkZWxldGUiOjU0MDAwMDAwMDAwMDAsInJlYWQiOjMwMDAwMDAwMDAwMCwidXBkYXRlIjo1NDAwMDAwMDAwMDAwfX0="
        }
      ]
    },
    {
      "module": "module.fg_client",
      "mode": "managed",
      "type": "azurerm_dev_test_global_vm_shutdown_schedule",
      "name": "example",
      "provider": "provider[\"registry.terraform.io/hashicorp/azurerm\"]",
      "instances": [
        {
          "schema_version": 0,
          "attributes": {
            "daily_recurrence_time": "0100",
            "enabled": true,
            "id": "/subscriptions/ce859648-30e1-4135-9d0f-8358aebfe789/resourcegroups/raki-pg-operator-rg/providers/microsoft.devtestlab/schedules/shutdown-computevm-fg-client-vm",
            "location": "eastus",
            "notification_settings": [
              {
                "enabled": false,
                "time_in_minutes": 30,
                "webhook_url": ""
              }
            ],
            "tags": {
              "Owner": "Raki",
              "Project": "Postgres Operator",
              "Source": "terraform"
            },
            "timeouts": null,
            "timezone": "Eastern Standard Time",
            "virtual_machine_id": "/subscriptions/ce859648-30e1-4135-9d0f-8358aebfe789/resourceGroups/raki-pg-operator-rg/providers/Microsoft.Compute/virtualMachines/FG-CLIENT-vm"
          },
          "sensitive_attributes": [],
          "private": "eyJlMmJmYjczMC1lY2FhLTExZTYtOGY4OC0zNDM2M2JjN2M0YzAiOnsiY3JlYXRlIjoxODAwMDAwMDAwMDAwLCJkZWxldGUiOjE4MDAwMDAwMDAwMDAsInJlYWQiOjMwMDAwMDAwMDAwMCwidXBkYXRlIjoxODAwMDAwMDAwMDAwfX0=",
          "dependencies": [
            "azurerm_resource_group.sql_migration",
            "module.fg_client.azurerm_network_interface.example",
            "module.fg_client.azurerm_windows_virtual_machine.example",
            "module.vnet.azurerm_subnet.subnet",
            "module.vnet.azurerm_subnet_network_security_group_association.vnet",
            "module.vnet.azurerm_subnet_route_table_association.vnet",
            "module.vnet.azurerm_virtual_network.vnet",
            "module.vnet.data.azurerm_resource_group.vnet"
          ]
        }
      ]
    },
    {
      "module": "module.fg_client",
      "mode": "managed",
      "type": "azurerm_network_interface",
      "name": "example",
      "provider": "provider[\"registry.terraform.io/hashicorp/azurerm\"]",
      "instances": [
        {
          "schema_version": 0,
          "attributes": {
            "applied_dns_servers": [],
            "dns_servers": [],
            "enable_accelerated_networking": false,
            "enable_ip_forwarding": false,
            "id": "/subscriptions/ce859648-30e1-4135-9d0f-8358aebfe789/resourceGroups/raki-pg-operator-rg/providers/Microsoft.Network/networkInterfaces/FG-CLIENT-nic",
            "internal_dns_name_label": "",
            "internal_domain_name_suffix": "ud3q1x0l0oburf1nigqj2znupf.bx.internal.cloudapp.net",
            "ip_configuration": [
              {
                "name": "internal",
                "primary": true,
                "private_ip_address": "192.168.0.5",
                "private_ip_address_allocation": "Static",
                "private_ip_address_version": "IPv4",
                "public_ip_address_id": "",
                "subnet_id": "/subscriptions/ce859648-30e1-4135-9d0f-8358aebfe789/resourceGroups/raki-pg-operator-rg/providers/Microsoft.Network/virtualNetworks/vnet/subnets/FG-DC"
              }
            ],
            "location": "eastus",
            "mac_address": "00-22-48-2E-99-ED",
            "name": "FG-CLIENT-nic",
            "private_ip_address": "192.168.0.5",
            "private_ip_addresses": [
              "192.168.0.5"
            ],
            "resource_group_name": "raki-pg-operator-rg",
            "tags": {
              "Owner": "Raki",
              "Project": "Postgres Operator",
              "Source": "terraform"
            },
            "timeouts": null,
            "virtual_machine_id": "/subscriptions/ce859648-30e1-4135-9d0f-8358aebfe789/resourceGroups/raki-pg-operator-rg/providers/Microsoft.Compute/virtualMachines/FG-CLIENT-vm"
          },
          "sensitive_attributes": [],
          "private": "eyJlMmJmYjczMC1lY2FhLTExZTYtOGY4OC0zNDM2M2JjN2M0YzAiOnsiY3JlYXRlIjoxODAwMDAwMDAwMDAwLCJkZWxldGUiOjE4MDAwMDAwMDAwMDAsInJlYWQiOjMwMDAwMDAwMDAwMCwidXBkYXRlIjoxODAwMDAwMDAwMDAwfX0=",
          "dependencies": [
            "azurerm_resource_group.sql_migration",
            "module.vnet.azurerm_subnet.subnet",
            "module.vnet.azurerm_subnet_network_security_group_association.vnet",
            "module.vnet.azurerm_subnet_route_table_association.vnet",
            "module.vnet.azurerm_virtual_network.vnet",
            "module.vnet.data.azurerm_resource_group.vnet"
          ]
        }
      ]
    },
    {
      "module": "module.fg_client",
      "mode": "managed",
      "type": "azurerm_windows_virtual_machine",
      "name": "example",
      "provider": "provider[\"registry.terraform.io/hashicorp/azurerm\"]",
      "instances": [
        {
          "schema_version": 0,
          "attributes": {
            "additional_capabilities": [],
            "additional_unattend_content": [],
            "admin_password": "acntorPRESTO!",
            "admin_username": "boor",
            "allow_extension_operations": true,
            "availability_set_id": "",
            "boot_diagnostics": [],
            "computer_name": "FG-CLIENT-vm",
            "custom_data": null,
            "dedicated_host_id": "",
            "enable_automatic_updates": true,
            "encryption_at_host_enabled": false,
            "eviction_policy": "",
            "extensions_time_budget": "PT1H30M",
            "id": "/subscriptions/ce859648-30e1-4135-9d0f-8358aebfe789/resourceGroups/raki-pg-operator-rg/providers/Microsoft.Compute/virtualMachines/FG-CLIENT-vm",
            "identity": [],
            "license_type": "",
            "location": "eastus",
            "max_bid_price": -1,
            "name": "FG-CLIENT-vm",
            "network_interface_ids": [
              "/subscriptions/ce859648-30e1-4135-9d0f-8358aebfe789/resourceGroups/raki-pg-operator-rg/providers/Microsoft.Network/networkInterfaces/FG-CLIENT-nic"
            ],
            "os_disk": [
              {
                "caching": "ReadWrite",
                "diff_disk_settings": [],
                "disk_encryption_set_id": "",
                "disk_size_gb": 127,
                "name": "FG-CLIENT-vm_OsDisk_1_cc272f97083849c99c0c70ea57428f89",
                "storage_account_type": "Standard_LRS",
                "write_accelerator_enabled": false
              }
            ],
            "patch_mode": "AutomaticByOS",
            "plan": [],
            "platform_fault_domain": -1,
            "priority": "Regular",
            "private_ip_address": "192.168.0.5",
            "private_ip_addresses": [
              "192.168.0.5"
            ],
            "provision_vm_agent": true,
            "proximity_placement_group_id": "",
            "public_ip_address": "",
            "public_ip_addresses": [],
            "resource_group_name": "raki-pg-operator-rg",
            "secret": [],
            "size": "Standard_D4s_v3",
            "source_image_id": "",
            "source_image_reference": [
              {
                "offer": "WindowsServer",
                "publisher": "MicrosoftWindowsServer",
                "sku": "2019-Datacenter",
                "version": "latest"
              }
            ],
            "tags": {
              "Owner": "Raki",
              "Project": "Postgres Operator",
              "Source": "terraform"
            },
            "timeouts": null,
            "timezone": "",
            "virtual_machine_id": "5174a6b8-5d05-4085-b949-35fd09e824c8",
            "virtual_machine_scale_set_id": "",
            "winrm_listener": [],
            "zone": ""
          },
          "sensitive_attributes": [],
          "private": "eyJlMmJmYjczMC1lY2FhLTExZTYtOGY4OC0zNDM2M2JjN2M0YzAiOnsiY3JlYXRlIjoyNzAwMDAwMDAwMDAwLCJkZWxldGUiOjI3MDAwMDAwMDAwMDAsInJlYWQiOjMwMDAwMDAwMDAwMCwidXBkYXRlIjoyNzAwMDAwMDAwMDAwfX0=",
          "dependencies": [
            "azurerm_resource_group.sql_migration",
            "module.fg_client.azurerm_network_interface.example",
            "module.vnet.azurerm_subnet.subnet",
            "module.vnet.azurerm_subnet_network_security_group_association.vnet",
            "module.vnet.azurerm_subnet_route_table_association.vnet",
            "module.vnet.azurerm_virtual_network.vnet",
            "module.vnet.data.azurerm_resource_group.vnet"
          ]
        }
      ]
    },
    {
      "module": "module.fg_dc_1",
      "mode": "managed",
      "type": "azurerm_dev_test_global_vm_shutdown_schedule",
      "name": "example",
      "provider": "provider[\"registry.terraform.io/hashicorp/azurerm\"]",
      "instances": [
        {
          "schema_version": 0,
          "attributes": {
            "daily_recurrence_time": "0100",
            "enabled": true,
            "id": "/subscriptions/ce859648-30e1-4135-9d0f-8358aebfe789/resourcegroups/raki-pg-operator-rg/providers/microsoft.devtestlab/schedules/shutdown-computevm-fg-dc-1-vm",
            "location": "eastus",
            "notification_settings": [
              {
                "enabled": false,
                "time_in_minutes": 30,
                "webhook_url": ""
              }
            ],
            "tags": {
              "Owner": "Raki",
              "Project": "Postgres Operator",
              "Source": "terraform"
            },
            "timeouts": null,
            "timezone": "Eastern Standard Time",
            "virtual_machine_id": "/subscriptions/ce859648-30e1-4135-9d0f-8358aebfe789/resourceGroups/raki-pg-operator-rg/providers/Microsoft.Compute/virtualMachines/FG-DC-1-vm"
          },
          "sensitive_attributes": [],
          "private": "eyJlMmJmYjczMC1lY2FhLTExZTYtOGY4OC0zNDM2M2JjN2M0YzAiOnsiY3JlYXRlIjoxODAwMDAwMDAwMDAwLCJkZWxldGUiOjE4MDAwMDAwMDAwMDAsInJlYWQiOjMwMDAwMDAwMDAwMCwidXBkYXRlIjoxODAwMDAwMDAwMDAwfX0=",
          "dependencies": [
            "azurerm_resource_group.sql_migration",
            "module.fg_dc_1.azurerm_network_interface.example",
            "module.fg_dc_1.azurerm_windows_virtual_machine.example",
            "module.vnet.azurerm_subnet.subnet",
            "module.vnet.azurerm_subnet_network_security_group_association.vnet",
            "module.vnet.azurerm_subnet_route_table_association.vnet",
            "module.vnet.azurerm_virtual_network.vnet",
            "module.vnet.data.azurerm_resource_group.vnet"
          ]
        }
      ]
    },
    {
      "module": "module.fg_dc_1",
      "mode": "managed",
      "type": "azurerm_network_interface",
      "name": "example",
      "provider": "provider[\"registry.terraform.io/hashicorp/azurerm\"]",
      "instances": [
        {
          "schema_version": 0,
          "attributes": {
            "applied_dns_servers": [],
            "dns_servers": [],
            "enable_accelerated_networking": false,
            "enable_ip_forwarding": false,
            "id": "/subscriptions/ce859648-30e1-4135-9d0f-8358aebfe789/resourceGroups/raki-pg-operator-rg/providers/Microsoft.Network/networkInterfaces/FG-DC-1-nic",
            "internal_dns_name_label": "",
            "internal_domain_name_suffix": "ud3q1x0l0oburf1nigqj2znupf.bx.internal.cloudapp.net",
            "ip_configuration": [
              {
                "name": "internal",
                "primary": true,
                "private_ip_address": "192.168.0.4",
                "private_ip_address_allocation": "Static",
                "private_ip_address_version": "IPv4",
                "public_ip_address_id": "",
                "subnet_id": "/subscriptions/ce859648-30e1-4135-9d0f-8358aebfe789/resourceGroups/raki-pg-operator-rg/providers/Microsoft.Network/virtualNetworks/vnet/subnets/FG-DC"
              }
            ],
            "location": "eastus",
            "mac_address": "00-22-48-2E-9C-C2",
            "name": "FG-DC-1-nic",
            "private_ip_address": "192.168.0.4",
            "private_ip_addresses": [
              "192.168.0.4"
            ],
            "resource_group_name": "raki-pg-operator-rg",
            "tags": {
              "Owner": "Raki",
              "Project": "Postgres Operator",
              "Source": "terraform"
            },
            "timeouts": null,
            "virtual_machine_id": "/subscriptions/ce859648-30e1-4135-9d0f-8358aebfe789/resourceGroups/raki-pg-operator-rg/providers/Microsoft.Compute/virtualMachines/FG-DC-1-vm"
          },
          "sensitive_attributes": [],
          "private": "eyJlMmJmYjczMC1lY2FhLTExZTYtOGY4OC0zNDM2M2JjN2M0YzAiOnsiY3JlYXRlIjoxODAwMDAwMDAwMDAwLCJkZWxldGUiOjE4MDAwMDAwMDAwMDAsInJlYWQiOjMwMDAwMDAwMDAwMCwidXBkYXRlIjoxODAwMDAwMDAwMDAwfX0=",
          "dependencies": [
            "azurerm_resource_group.sql_migration",
            "module.vnet.azurerm_subnet.subnet",
            "module.vnet.azurerm_subnet_network_security_group_association.vnet",
            "module.vnet.azurerm_subnet_route_table_association.vnet",
            "module.vnet.azurerm_virtual_network.vnet",
            "module.vnet.data.azurerm_resource_group.vnet"
          ]
        }
      ]
    },
    {
      "module": "module.fg_dc_1",
      "mode": "managed",
      "type": "azurerm_windows_virtual_machine",
      "name": "example",
      "provider": "provider[\"registry.terraform.io/hashicorp/azurerm\"]",
      "instances": [
        {
          "schema_version": 0,
          "attributes": {
            "additional_capabilities": [],
            "additional_unattend_content": [],
            "admin_password": "acntorPRESTO!",
            "admin_username": "boor",
            "allow_extension_operations": true,
            "availability_set_id": "",
            "boot_diagnostics": [],
            "computer_name": "FG-DC-1-vm",
            "custom_data": null,
            "dedicated_host_id": "",
            "enable_automatic_updates": true,
            "encryption_at_host_enabled": false,
            "eviction_policy": "",
            "extensions_time_budget": "PT1H30M",
            "id": "/subscriptions/ce859648-30e1-4135-9d0f-8358aebfe789/resourceGroups/raki-pg-operator-rg/providers/Microsoft.Compute/virtualMachines/FG-DC-1-vm",
            "identity": [],
            "license_type": "",
            "location": "eastus",
            "max_bid_price": -1,
            "name": "FG-DC-1-vm",
            "network_interface_ids": [
              "/subscriptions/ce859648-30e1-4135-9d0f-8358aebfe789/resourceGroups/raki-pg-operator-rg/providers/Microsoft.Network/networkInterfaces/FG-DC-1-nic"
            ],
            "os_disk": [
              {
                "caching": "ReadWrite",
                "diff_disk_settings": [],
                "disk_encryption_set_id": "",
                "disk_size_gb": 127,
                "name": "FG-DC-1-vm_OsDisk_1_49da3009abef45aba6c54a14f93a84cb",
                "storage_account_type": "Standard_LRS",
                "write_accelerator_enabled": false
              }
            ],
            "patch_mode": "AutomaticByOS",
            "plan": [],
            "platform_fault_domain": -1,
            "priority": "Regular",
            "private_ip_address": "192.168.0.4",
            "private_ip_addresses": [
              "192.168.0.4"
            ],
            "provision_vm_agent": true,
            "proximity_placement_group_id": "",
            "public_ip_address": "",
            "public_ip_addresses": [],
            "resource_group_name": "raki-pg-operator-rg",
            "secret": [],
            "size": "Standard_D4s_v3",
            "source_image_id": "",
            "source_image_reference": [
              {
                "offer": "WindowsServer",
                "publisher": "MicrosoftWindowsServer",
                "sku": "2019-Datacenter",
                "version": "latest"
              }
            ],
            "tags": {
              "Owner": "Raki",
              "Project": "Postgres Operator",
              "Source": "terraform"
            },
            "timeouts": null,
            "timezone": "",
            "virtual_machine_id": "267e98a1-ad26-4e92-b76c-adb956cbcebc",
            "virtual_machine_scale_set_id": "",
            "winrm_listener": [],
            "zone": ""
          },
          "sensitive_attributes": [],
          "private": "eyJlMmJmYjczMC1lY2FhLTExZTYtOGY4OC0zNDM2M2JjN2M0YzAiOnsiY3JlYXRlIjoyNzAwMDAwMDAwMDAwLCJkZWxldGUiOjI3MDAwMDAwMDAwMDAsInJlYWQiOjMwMDAwMDAwMDAwMCwidXBkYXRlIjoyNzAwMDAwMDAwMDAwfX0=",
          "dependencies": [
            "azurerm_resource_group.sql_migration",
            "module.fg_dc_1.azurerm_network_interface.example",
            "module.vnet.azurerm_subnet.subnet",
            "module.vnet.azurerm_subnet_network_security_group_association.vnet",
            "module.vnet.azurerm_subnet_route_table_association.vnet",
            "module.vnet.azurerm_virtual_network.vnet",
            "module.vnet.data.azurerm_resource_group.vnet"
          ]
        }
      ]
    },
    {
      "module": "module.vnet",
      "mode": "data",
      "type": "azurerm_resource_group",
      "name": "vnet",
      "provider": "provider[\"registry.terraform.io/hashicorp/azurerm\"]",
      "instances": [
        {
          "schema_version": 0,
          "attributes": {
            "id": "/subscriptions/ce859648-30e1-4135-9d0f-8358aebfe789/resourceGroups/raki-pg-operator-rg",
            "location": "eastus",
            "name": "raki-pg-operator-rg",
            "tags": {
              "Owner": "Raki",
              "Project": "Postgres Operator",
              "Source": "terraform"
            },
            "timeouts": null
          },
          "sensitive_attributes": []
        }
      ]
    },
    {
      "module": "module.vnet",
      "mode": "managed",
      "type": "azurerm_subnet",
      "name": "subnet",
      "provider": "provider[\"registry.terraform.io/hashicorp/azurerm\"]",
      "instances": [
        {
          "index_key": 0,
          "schema_version": 0,
          "attributes": {
            "address_prefix": "192.168.0.0/24",
            "address_prefixes": [
              "192.168.0.0/24"
            ],
            "delegation": [],
            "enforce_private_link_endpoint_network_policies": false,
            "enforce_private_link_service_network_policies": false,
            "id": "/subscriptions/ce859648-30e1-4135-9d0f-8358aebfe789/resourceGroups/raki-pg-operator-rg/providers/Microsoft.Network/virtualNetworks/vnet/subnets/FG-DC",
            "name": "FG-DC",
            "resource_group_name": "raki-pg-operator-rg",
            "service_endpoint_policy_ids": [],
            "service_endpoints": [],
            "timeouts": null,
            "virtual_network_name": "vnet"
          },
          "sensitive_attributes": [],
          "private": "eyJlMmJmYjczMC1lY2FhLTExZTYtOGY4OC0zNDM2M2JjN2M0YzAiOnsiY3JlYXRlIjoxODAwMDAwMDAwMDAwLCJkZWxldGUiOjE4MDAwMDAwMDAwMDAsInJlYWQiOjMwMDAwMDAwMDAwMCwidXBkYXRlIjoxODAwMDAwMDAwMDAwfX0=",
          "dependencies": [
            "azurerm_resource_group.sql_migration",
            "module.vnet.azurerm_virtual_network.vnet",
            "module.vnet.data.azurerm_resource_group.vnet"
          ]
        },
        {
          "index_key": 1,
          "schema_version": 0,
          "attributes": {
            "address_prefix": "192.168.48.0/21",
            "address_prefixes": [
              "192.168.48.0/21"
            ],
            "delegation": [],
            "enforce_private_link_endpoint_network_policies": false,
            "enforce_private_link_service_network_policies": false,
            "id": "/subscriptions/ce859648-30e1-4135-9d0f-8358aebfe789/resourceGroups/raki-pg-operator-rg/providers/Microsoft.Network/virtualNetworks/vnet/subnets/AKS",
            "name": "AKS",
            "resource_group_name": "raki-pg-operator-rg",
            "service_endpoint_policy_ids": [],
            "service_endpoints": [],
            "timeouts": null,
            "virtual_network_name": "vnet"
          },
          "sensitive_attributes": [],
          "private": "eyJlMmJmYjczMC1lY2FhLTExZTYtOGY4OC0zNDM2M2JjN2M0YzAiOnsiY3JlYXRlIjoxODAwMDAwMDAwMDAwLCJkZWxldGUiOjE4MDAwMDAwMDAwMDAsInJlYWQiOjMwMDAwMDAwMDAwMCwidXBkYXRlIjoxODAwMDAwMDAwMDAwfX0=",
          "dependencies": [
            "azurerm_resource_group.sql_migration",
            "module.vnet.azurerm_virtual_network.vnet",
            "module.vnet.data.azurerm_resource_group.vnet"
          ]
        },
        {
          "index_key": 2,
          "schema_version": 0,
          "attributes": {
            "address_prefix": "192.168.144.64/27",
            "address_prefixes": [
              "192.168.144.64/27"
            ],
            "delegation": [],
            "enforce_private_link_endpoint_network_policies": false,
            "enforce_private_link_service_network_policies": false,
            "id": "/subscriptions/ce859648-30e1-4135-9d0f-8358aebfe789/resourceGroups/raki-pg-operator-rg/providers/Microsoft.Network/virtualNetworks/vnet/subnets/AzureBastionSubnet",
            "name": "AzureBastionSubnet",
            "resource_group_name": "raki-pg-operator-rg",
            "service_endpoint_policy_ids": [],
            "service_endpoints": [],
            "timeouts": null,
            "virtual_network_name": "vnet"
          },
          "sensitive_attributes": [],
          "private": "eyJlMmJmYjczMC1lY2FhLTExZTYtOGY4OC0zNDM2M2JjN2M0YzAiOnsiY3JlYXRlIjoxODAwMDAwMDAwMDAwLCJkZWxldGUiOjE4MDAwMDAwMDAwMDAsInJlYWQiOjMwMDAwMDAwMDAwMCwidXBkYXRlIjoxODAwMDAwMDAwMDAwfX0=",
          "dependencies": [
            "azurerm_resource_group.sql_migration",
            "module.vnet.azurerm_virtual_network.vnet",
            "module.vnet.data.azurerm_resource_group.vnet"
          ]
        }
      ]
    },
    {
      "module": "module.vnet",
      "mode": "managed",
      "type": "azurerm_virtual_network",
      "name": "vnet",
      "provider": "provider[\"registry.terraform.io/hashicorp/azurerm\"]",
      "instances": [
        {
          "schema_version": 0,
          "attributes": {
            "address_space": [
              "192.168.0.0/16"
            ],
            "bgp_community": "",
            "ddos_protection_plan": [],
            "dns_servers": [
              "192.168.0.4"
            ],
            "guid": "df0dfba0-d34b-4883-976d-41a09e65b47d",
            "id": "/subscriptions/ce859648-30e1-4135-9d0f-8358aebfe789/resourceGroups/raki-pg-operator-rg/providers/Microsoft.Network/virtualNetworks/vnet",
            "location": "eastus",
            "name": "vnet",
            "resource_group_name": "raki-pg-operator-rg",
            "subnet": [
              {
                "address_prefix": "192.168.0.0/24",
                "id": "/subscriptions/ce859648-30e1-4135-9d0f-8358aebfe789/resourceGroups/raki-pg-operator-rg/providers/Microsoft.Network/virtualNetworks/vnet/subnets/FG-DC",
                "name": "FG-DC",
                "security_group": ""
              },
              {
                "address_prefix": "192.168.144.64/27",
                "id": "/subscriptions/ce859648-30e1-4135-9d0f-8358aebfe789/resourceGroups/raki-pg-operator-rg/providers/Microsoft.Network/virtualNetworks/vnet/subnets/AzureBastionSubnet",
                "name": "AzureBastionSubnet",
                "security_group": ""
              },
              {
                "address_prefix": "192.168.48.0/21",
                "id": "/subscriptions/ce859648-30e1-4135-9d0f-8358aebfe789/resourceGroups/raki-pg-operator-rg/providers/Microsoft.Network/virtualNetworks/vnet/subnets/AKS",
                "name": "AKS",
                "security_group": ""
              }
            ],
            "tags": {
              "Owner": "Raki",
              "Project": "Postgres Operator",
              "Source": "terraform"
            },
            "timeouts": null,
            "vm_protection_enabled": false
          },
          "sensitive_attributes": [],
          "private": "eyJlMmJmYjczMC1lY2FhLTExZTYtOGY4OC0zNDM2M2JjN2M0YzAiOnsiY3JlYXRlIjoxODAwMDAwMDAwMDAwLCJkZWxldGUiOjE4MDAwMDAwMDAwMDAsInJlYWQiOjMwMDAwMDAwMDAwMCwidXBkYXRlIjoxODAwMDAwMDAwMDAwfX0=",
          "dependencies": [
            "azurerm_resource_group.sql_migration",
            "module.vnet.data.azurerm_resource_group.vnet"
          ]
        }
      ]
    }
  ]
}
